
Microsoft Visual Studio Solution File, Format Version 12.00
# Visual Studio Version 16
VisualStudioVersion = 16.0.31829.152
MinimumVisualStudioVersion = 10.0.40219.1
Project("{FAE04EC0-301F-11D3-BF4B-00C04F79EFBC}") = "Label.Android", "Label\Label.Android\Label.Android.csproj", "{A765A3B7-36D3-4424-82EE-6641EF066A47}"
EndProject
Project("{FAE04EC0-301F-11D3-BF4B-00C04F79EFBC}") = "Label", "Label\Label\Label.csproj", "{2C744E38-5288-4361-B2D5-5745C6D1546B}"
EndProject
Global
	GlobalSection(SolutionConfigurationPlatforms) = preSolution
		Debug|Any CPU = Debug|Any CPU
		Release|Any CPU = Release|Any CPU
	EndGlobalSection
	GlobalSection(ProjectConfigurationPlatforms) = postSolution
		{A765A3B7-36D3-4424-82EE-6641EF066A47}.Debug|Any CPU.ActiveCfg = Debug|Any CPU
		{A765A3B7-36D3-4424-82EE-6641EF066A47}.Debug|Any CPU.Build.0 = Debug|Any CPU
		{A765A3B7-36D3-4424-82EE-6641EF066A47}.Debug|Any CPU.Deploy.0 = Debug|Any CPU
		{A765A3B7-36D3-4424-82EE-6641EF066A47}.Release|Any CPU.ActiveCfg = Release|Any CPU
		{A765A3B7-36D3-4424-82EE-6641EF066A47}.Release|Any CPU.Build.0 = Release|Any CPU
		{A765A3B7-36D3-4424-82EE-6641EF066A47}.Release|Any CPU.Deploy.0 = Release|Any CPU
		{2C744E38-5288-4361-B2D5-5745C6D1546B}.Debug|Any CPU.ActiveCfg = Debug|Any CPU
		{2C744E38-5288-4361-B2D5-5745C6D1546B}.Debug|Any CPU.Build.0 = Debug|Any CPU
		{2C744E38-5288-4361-B2D5-5745C6D1546B}.Debug|Any CPU.Deploy.0 = Debug|Any CPU
		{2C744E38-5288-4361-B2D5-5745C6D1546B}.Release|Any CPU.ActiveCfg = Release|Any CPU
		{2C744E38-5288-4361-B2D5-5745C6D1546B}.Release|Any CPU.Build.0 = Release|Any CPU
		{2C744E38-5288-4361-B2D5-5745C6D1546B}.Release|Any CPU.Deploy.0 = Release|Any CPU
	EndGlobalSection
	GlobalSection(SolutionProperties) = preSolution
		HideSolutionNode = FALSE
	EndGlobalSection
	GlobalSection(ExtensibilityGlobals) = postSolution
		SolutionGuid = {D92A072A-80D8-41FE-AF2A-60CF42034DB6}
	EndGlobalSection
EndGlobal
